# THIS IS AN AUTOGENERATED FILE. DO NOT EDIT THIS FILE DIRECTLY.
# yarn lockfile v1


"@rdfjs/types@*":
  version "1.0.1"
  resolved "https://registry.yarnpkg.com/@rdfjs/types/-/types-1.0.1.tgz#92908a13bc88c71b349b332f3db19178282d6f4e"
  integrity sha512-YxVkH0XrCNG3MWeZxfg596GFe+oorTVusmNxRP6ZHTsGczZ8AGvG3UchRNkg3Fy4MyysI7vBAA5YZbESL+VmHQ==
  dependencies:
    "@types/node" "*"

"@types/node@*":
  version "16.9.1"
  resolved "https://registry.yarnpkg.com/@types/node/-/node-16.9.1.tgz#0611b37db4246c937feef529ddcc018cf8e35708"
  integrity sha512-QpLcX9ZSsq3YYUUnD3nFDY8H7wctAhQj/TFKL8Ya8v5fMm3CFXxo8zStsLAl780ltoYoo1WvKUVGBQK+1ifr7g==

markdown-table@^3.0.1:
  version "3.0.1"
  resolved "https://registry.yarnpkg.com/markdown-table/-/markdown-table-3.0.1.tgz#88c48957aaf2a8014ccb2ba026776a1d736fe3dc"
  integrity sha512-CBbaYXKSGnE1uLRpKA1SWgIRb2PQrpkllNWpZtZe6VojOJ4ysqiq7/2glYcmKsOYN09QgH/HEBX5hIshAeiK6A==

rdf-data-factory@^1.1.0:
  version "1.1.0"
  resolved "https://registry.yarnpkg.com/rdf-data-factory/-/rdf-data-factory-1.1.0.tgz#d0510b9f100dd79e94f29559a12d4a5a585054d6"
  integrity sha512-g8feOVZ/KL1OK2Pco/jDBDFh4m29QDsOOD+rWloG9qFvIzRFchGy2CviLUX491E0ByewXxMpaq/A3zsWHQA16A==
  dependencies:
    "@rdfjs/types" "*"

rdfxml-streaming-parser@^1.5.0:
  version "1.5.0"
  resolved "https://registry.yarnpkg.com/rdfxml-streaming-parser/-/rdfxml-streaming-parser-1.5.0.tgz#485af3a01abc2dc49149b8758da9a12351d34348"
  integrity sha512-pnt+7NgeqCMd2/rub+dqxzYJhZwJjBNU2BRwyYdCTmRZu2fr795jCPJB6Io5pjPzAt29ASqy+ODBSRMDKoKGbQ==
  dependencies:
    "@rdfjs/types" "*"
    rdf-data-factory "^1.1.0"
    relative-to-absolute-iri "^1.0.0"
    sax "^1.2.4"

relative-to-absolute-iri@^1.0.0:
  version "1.0.6"
  resolved "https://registry.yarnpkg.com/relative-to-absolute-iri/-/relative-to-absolute-iri-1.0.6.tgz#7111dac5730587e3fbca3e0f48585fbc88c147a7"
  integrity sha512-Xw5/Zx6iWSCMJUXwXVOjySjH8Xli4hVFL9QQFvkl1qEmFBG94J+QUI9emnoctOCD3285f1jNV+QWV9eDYwIdfQ==

sax@^1.2.4:
  version "1.2.4"
  resolved "https://registry.yarnpkg.com/sax/-/sax-1.2.4.tgz#2816234e2378bddc4e5354fab5caa895df7100d9"
  integrity sha512-NqVDv9TpANUjFm0N8uM5GxL36UgKi9/atZw+x7YFnQ8ckwFGKrl4xX4yWtrey3UJm5nP1kUbnYgLopqWNSRhWw==
